{
  "nodes": {
    "ak-nix": {
      "inputs": {
        "nixpkgs": [
          "nixpkgs"
        ]
      },
      "locked": {
        "lastModified": 1666243146,
        "narHash": "sha256-X1YVpNA+2pEe3jbPv1/fwbQNHURz4+5eyLc9Xb9xZZk=",
        "owner": "aakropotkin",
        "repo": "ak-nix",
        "rev": "3ac2a43faee292f326224403a0bf518b7784907b",
        "type": "github"
      },
      "original": {
        "owner": "aakropotkin",
        "ref": "main",
        "repo": "ak-nix",
        "type": "github"
      }
    },
    "nixpkgs": {
      "locked": {
        "lastModified": 1666239713,
        "narHash": "sha256-FC+YoRlBS0EMyikrEUaTEHcANkn9i8ahtBOvVwbWm2w=",
        "owner": "NixOS",
        "repo": "nixpkgs",
        "rev": "d02d6719d227843c851cfb6643e52ac6cd03ceed",
        "type": "github"
      },
      "original": {
        "owner": "NixOS",
        "ref": "master",
        "repo": "nixpkgs",
        "type": "github"
      }
    },
    "root": {
      "inputs": {
        "ak-nix": "ak-nix",
        "nixpkgs": "nixpkgs"
      }
    }
  },
  "root": "root",
  "version": 7
}
