{
  "nodes": {
    "ak-nix": {
      "inputs": {
        "nix": "nix",
        "nixpkgs": [
          "rime",
          "nixpkgs"
        ],
        "yants-src": "yants-src"
      },
      "locked": {
        "lastModified": 1664751084,
        "narHash": "sha256-wH7rP/c3a9Bs+Cgb3LEtWK4sUc9Gcvh6bd34K3gdIAw=",
        "owner": "aakropotkin",
        "repo": "ak-nix",
        "rev": "422b9bb825d7d17fe407bfa28c98e2bab43dfa6e",
        "type": "github"
      },
      "original": {
        "owner": "aakropotkin",
        "ref": "main",
        "repo": "ak-nix",
        "type": "github"
      }
    },
    "lowdown-src": {
      "flake": false,
      "locked": {
        "lastModified": 1633514407,
        "narHash": "sha256-Dw32tiMjdK9t3ETl5fzGrutQTzh2rufgZV4A/BbxuD4=",
        "owner": "kristapsdz",
        "repo": "lowdown",
        "rev": "d2c2b44ff6c27b936ec27358a2653caaef8f73b8",
        "type": "github"
      },
      "original": {
        "owner": "kristapsdz",
        "repo": "lowdown",
        "type": "github"
      }
    },
    "nix": {
      "inputs": {
        "lowdown-src": "lowdown-src",
        "nixpkgs": [
          "rime",
          "ak-nix",
          "nixpkgs"
        ],
        "nixpkgs-regression": "nixpkgs-regression"
      },
      "locked": {
        "lastModified": 1664535508,
        "narHash": "sha256-snVk3EtetvPl4SjzRE/zgHIJdl63wO6eMtj67Jg7OZo=",
        "owner": "NixOS",
        "repo": "nix",
        "rev": "89ca75c9f9c53596e75ba6a9d88f14e4d090922c",
        "type": "github"
      },
      "original": {
        "owner": "NixOS",
        "repo": "nix",
        "type": "github"
      }
    },
    "nixpkgs": {
      "locked": {
        "lastModified": 1664747269,
        "narHash": "sha256-VTiMxe8fG6hg3swhE33g4sJlHI+p6CjEveuhwT6ZmBo=",
        "owner": "NixOS",
        "repo": "nixpkgs",
        "rev": "aecd4d8349b94f9bd5718c74a5b789f233f67326",
        "type": "github"
      },
      "original": {
        "owner": "NixOS",
        "ref": "master",
        "repo": "nixpkgs",
        "type": "github"
      }
    },
    "nixpkgs-regression": {
      "locked": {
        "lastModified": 1643052045,
        "narHash": "sha256-uGJ0VXIhWKGXxkeNnq4TvV3CIOkUJ3PAoLZ3HMzNVMw=",
        "owner": "NixOS",
        "repo": "nixpkgs",
        "rev": "215d4d0fd80ca5163643b03a33fde804a29cc1e2",
        "type": "github"
      },
      "original": {
        "owner": "NixOS",
        "repo": "nixpkgs",
        "rev": "215d4d0fd80ca5163643b03a33fde804a29cc1e2",
        "type": "github"
      }
    },
    "rime": {
      "inputs": {
        "ak-nix": "ak-nix",
        "nixpkgs": "nixpkgs"
      },
      "locked": {
        "lastModified": 0,
        "narHash": "sha256-DRQ7MXpETAinhMEgIqqT38812iLwF1bf6gZVXc6S9Gc=",
        "path": "../.",
        "type": "path"
      },
      "original": {
        "path": "../.",
        "type": "path"
      }
    },
    "root": {
      "inputs": {
        "ak-nix": [
          "rime",
          "ak-nix"
        ],
        "rime": "rime"
      }
    },
    "yants-src": {
      "flake": false,
      "locked": {
        "lastModified": 1645270620,
        "narHash": "sha256-wwkl3K200UbW9Z7BRlVH8HOEXCaVYP2MqZpsF9EhgZg=",
        "ref": "refs/heads/canon",
        "rev": "efeb6dc11eb1a1e88d41dc2093fc5aa31f7abd35",
        "revCount": 15,
        "type": "git",
        "url": "https://code.tvl.fyi/depot.git:/nix/yants.git"
      },
      "original": {
        "type": "git",
        "url": "https://code.tvl.fyi/depot.git:/nix/yants.git"
      }
    }
  },
  "root": "root",
  "version": 7
}
